
Microsoft Visual Studio Solution File, Format Version 12.00
# Visual Studio Version 17
VisualStudioVersion = 17.7.34024.191
MinimumVisualStudioVersion = 10.0.40219.1
Project("{FAE04EC0-301F-11D3-BF4B-00C04F79EFBC}") = "Restaurant", "Restaurant\Restaurant.csproj", "{29A58297-8FB9-47D7-9E1A-18BBF5AB3EC0}"
EndProject
Global
	GlobalSection(SolutionConfigurationPlatforms) = preSolution
		Debug|Any CPU = Debug|Any CPU
		Release|Any CPU = Release|Any CPU
	EndGlobalSection
	GlobalSection(ProjectConfigurationPlatforms) = postSolution
		{29A58297-8FB9-47D7-9E1A-18BBF5AB3EC0}.Debug|Any CPU.ActiveCfg = Debug|Any CPU
		{29A58297-8FB9-47D7-9E1A-18BBF5AB3EC0}.Debug|Any CPU.Build.0 = Debug|Any CPU
		{29A58297-8FB9-47D7-9E1A-18BBF5AB3EC0}.Release|Any CPU.ActiveCfg = Release|Any CPU
		{29A58297-8FB9-47D7-9E1A-18BBF5AB3EC0}.Release|Any CPU.Build.0 = Release|Any CPU
	EndGlobalSection
	GlobalSection(SolutionProperties) = preSolution
		HideSolutionNode = FALSE
	EndGlobalSection
	GlobalSection(ExtensibilityGlobals) = postSolution
		SolutionGuid = {9A8F7999-12B0-4DE2-8536-185CD64A19D3}
	EndGlobalSection
EndGlobal
